
Microsoft Visual Studio Solution File, Format Version 12.00
# Visual Studio Version 17
VisualStudioVersion = 17.5.002.0
MinimumVisualStudioVersion = 10.0.40219.1
Project("{9A19103F-16F7-4668-BE54-9A1E7A4F7556}") = "PSProgress", "PSProgress\PSProgress.csproj", "{29276C49-48FF-47BF-912A-2989DE46DA57}"
EndProject
Project("{FAE04EC0-301F-11D3-BF4B-00C04F79EFBC}") = "PSProgress.Tests", "PSProgress.Tests\PSProgress.Tests.csproj", "{254A6355-4A61-47C9-8E0B-7D46684F3B01}"
EndProject
Project("{2150E333-8FDC-42A3-9474-1A3956D46DE8}") = "Solution Files", "Solution Files", "{101893CC-020D-422E-B642-3B7F436DB57B}"
	ProjectSection(SolutionItems) = preProject
		.editorconfig = .editorconfig
	EndProjectSection
EndProject
Global
	GlobalSection(SolutionConfigurationPlatforms) = preSolution
		Debug|Any CPU = Debug|Any CPU
		Release|Any CPU = Release|Any CPU
	EndGlobalSection
	GlobalSection(ProjectConfigurationPlatforms) = postSolution
		{29276C49-48FF-47BF-912A-2989DE46DA57}.Debug|Any CPU.ActiveCfg = Debug|Any CPU
		{29276C49-48FF-47BF-912A-2989DE46DA57}.Debug|Any CPU.Build.0 = Debug|Any CPU
		{29276C49-48FF-47BF-912A-2989DE46DA57}.Release|Any CPU.ActiveCfg = Release|Any CPU
		{29276C49-48FF-47BF-912A-2989DE46DA57}.Release|Any CPU.Build.0 = Release|Any CPU
		{254A6355-4A61-47C9-8E0B-7D46684F3B01}.Debug|Any CPU.ActiveCfg = Debug|Any CPU
		{254A6355-4A61-47C9-8E0B-7D46684F3B01}.Debug|Any CPU.Build.0 = Debug|Any CPU
		{254A6355-4A61-47C9-8E0B-7D46684F3B01}.Release|Any CPU.ActiveCfg = Release|Any CPU
		{254A6355-4A61-47C9-8E0B-7D46684F3B01}.Release|Any CPU.Build.0 = Release|Any CPU
	EndGlobalSection
	GlobalSection(SolutionProperties) = preSolution
		HideSolutionNode = FALSE
	EndGlobalSection
	GlobalSection(ExtensibilityGlobals) = postSolution
		SolutionGuid = {21ECB313-9FA7-4D8E-BBBE-61AF861CEF05}
	EndGlobalSection
EndGlobal
